
Microsoft Visual Studio Solution File, Format Version 12.00
# Visual Studio Version 16
VisualStudioVersion = 16.0.32126.315
MinimumVisualStudioVersion = 10.0.40219.1
Project("{FAE04EC0-301F-11D3-BF4B-00C04F79EFBC}") = "ProvaLogica", "ProvaLogica\ProvaLogica.csproj", "{81C996BE-4D74-40D7-B7CB-671DBC681A20}"
EndProject
Global
	GlobalSection(SolutionConfigurationPlatforms) = preSolution
		Debug|Any CPU = Debug|Any CPU
		Release|Any CPU = Release|Any CPU
	EndGlobalSection
	GlobalSection(ProjectConfigurationPlatforms) = postSolution
		{81C996BE-4D74-40D7-B7CB-671DBC681A20}.Debug|Any CPU.ActiveCfg = Debug|Any CPU
		{81C996BE-4D74-40D7-B7CB-671DBC681A20}.Debug|Any CPU.Build.0 = Debug|Any CPU
		{81C996BE-4D74-40D7-B7CB-671DBC681A20}.Release|Any CPU.ActiveCfg = Release|Any CPU
		{81C996BE-4D74-40D7-B7CB-671DBC681A20}.Release|Any CPU.Build.0 = Release|Any CPU
	EndGlobalSection
	GlobalSection(SolutionProperties) = preSolution
		HideSolutionNode = FALSE
	EndGlobalSection
	GlobalSection(ExtensibilityGlobals) = postSolution
		SolutionGuid = {FDD3712C-31F2-4C07-BD86-2559864A9322}
	EndGlobalSection
EndGlobal
