
Microsoft Visual Studio Solution File, Format Version 12.00
# Visual Studio Version 16
VisualStudioVersion = 16.0.32126.315
MinimumVisualStudioVersion = 10.0.40219.1
Project("{FAE04EC0-301F-11D3-BF4B-00C04F79EFBC}") = "ConsoleApp1", "ConsoleApp1\ConsoleApp1.csproj", "{B0459EFF-A7FF-4A9B-ABF5-925B12C8408A}"
EndProject
Global
	GlobalSection(SolutionConfigurationPlatforms) = preSolution
		Debug|Any CPU = Debug|Any CPU
		Release|Any CPU = Release|Any CPU
	EndGlobalSection
	GlobalSection(ProjectConfigurationPlatforms) = postSolution
		{B0459EFF-A7FF-4A9B-ABF5-925B12C8408A}.Debug|Any CPU.ActiveCfg = Debug|Any CPU
		{B0459EFF-A7FF-4A9B-ABF5-925B12C8408A}.Debug|Any CPU.Build.0 = Debug|Any CPU
		{B0459EFF-A7FF-4A9B-ABF5-925B12C8408A}.Release|Any CPU.ActiveCfg = Release|Any CPU
		{B0459EFF-A7FF-4A9B-ABF5-925B12C8408A}.Release|Any CPU.Build.0 = Release|Any CPU
	EndGlobalSection
	GlobalSection(SolutionProperties) = preSolution
		HideSolutionNode = FALSE
	EndGlobalSection
	GlobalSection(ExtensibilityGlobals) = postSolution
		SolutionGuid = {FE79313B-1495-49BF-87B5-D7D6CB7F17B5}
	EndGlobalSection
EndGlobal
